
Microsoft Visual Studio Solution File, Format Version 12.00
# Visual Studio Version 17
VisualStudioVersion = 17.0.31903.59
MinimumVisualStudioVersion = 10.0.40219.1
Project("{FAE04EC0-301F-11D3-BF4B-00C04F79EFBC}") = "ProductCatalog.Service.Hosting", "ProductCatalog.Service.Hosting\ProductCatalog.Service.Hosting.csproj", "{A5490B6E-3950-47C2-BD46-D20502219823}"
EndProject
Project("{FAE04EC0-301F-11D3-BF4B-00C04F79EFBC}") = "OrderManagement.Service.Hosting", "OrderManagement.Service.Hosting\OrderManagement.Service.Hosting.csproj", "{FCEA1A43-027E-4362-B9D4-BAA486BEAFA8}"
EndProject
Global
	GlobalSection(SolutionConfigurationPlatforms) = preSolution
		Debug|Any CPU = Debug|Any CPU
		Release|Any CPU = Release|Any CPU
	EndGlobalSection
	GlobalSection(SolutionProperties) = preSolution
		HideSolutionNode = FALSE
	EndGlobalSection
	GlobalSection(ProjectConfigurationPlatforms) = postSolution
		{A5490B6E-3950-47C2-BD46-D20502219823}.Debug|Any CPU.ActiveCfg = Debug|Any CPU
		{A5490B6E-3950-47C2-BD46-D20502219823}.Debug|Any CPU.Build.0 = Debug|Any CPU
		{A5490B6E-3950-47C2-BD46-D20502219823}.Release|Any CPU.ActiveCfg = Release|Any CPU
		{A5490B6E-3950-47C2-BD46-D20502219823}.Release|Any CPU.Build.0 = Release|Any CPU
		{FCEA1A43-027E-4362-B9D4-BAA486BEAFA8}.Debug|Any CPU.ActiveCfg = Debug|Any CPU
		{FCEA1A43-027E-4362-B9D4-BAA486BEAFA8}.Debug|Any CPU.Build.0 = Debug|Any CPU
		{FCEA1A43-027E-4362-B9D4-BAA486BEAFA8}.Release|Any CPU.ActiveCfg = Release|Any CPU
		{FCEA1A43-027E-4362-B9D4-BAA486BEAFA8}.Release|Any CPU.Build.0 = Release|Any CPU
	EndGlobalSection
EndGlobal
